// !$*UTF8*$!
{
	archiveVersion = 1;
	classes = {
	};
	objectVersion = 50;
	objects = {

/* Begin PBXBuildFile section */
		1318B8AD2787535200E5AA1A /* AppDelegate.swift in Sources */ = {isa = PBXBuildFile; fileRef = 1318B8AC2787535200E5AA1A /* AppDelegate.swift */; };
		1318B8AF2787535200E5AA1A /* SceneDelegate.swift in Sources */ = {isa = PBXBuildFile; fileRef = 1318B8AE2787535200E5AA1A /* SceneDelegate.swift */; };
		1318B8B12787535200E5AA1A /* ViewController.swift in Sources */ = {isa = PBXBuildFile; fileRef = 1318B8B02787535200E5AA1A /* ViewController.swift */; };
		1318B8B42787535200E5AA1A /* Main.storyboard in Resources */ = {isa = PBXBuildFile; fileRef = 1318B8B22787535200E5AA1A /* Main.storyboard */; };
		1318B8B62787535500E5AA1A /* Assets.xcassets in Resources */ = {isa = PBXBuildFile; fileRef = 1318B8B52787535500E5AA1A /* Assets.xcassets */; };
		1318B8B92787535500E5AA1A /* LaunchScreen.storyboard in Resources */ = {isa = PBXBuildFile; fileRef = 1318B8B72787535500E5AA1A /* LaunchScreen.storyboard */; };
		1318B8CA278754BB00E5AA1A /* RepositoryListController.swift in Sources */ = {isa = PBXBuildFile; fileRef = 1318B8C8278754BB00E5AA1A /* RepositoryListController.swift */; };
		1318B8CB278754BB00E5AA1A /* RepositoryListController.xib in Resources */ = {isa = PBXBuildFile; fileRef = 1318B8C9278754BB00E5AA1A /* RepositoryListController.xib */; };
		1318B8CF278754E500E5AA1A /* RepositoryDetailController.swift in Sources */ = {isa = PBXBuildFile; fileRef = 1318B8CD278754E500E5AA1A /* RepositoryDetailController.swift */; };
		1318B8D0278754E500E5AA1A /* RepositoryDetailController.xib in Resources */ = {isa = PBXBuildFile; fileRef = 1318B8CE278754E500E5AA1A /* RepositoryDetailController.xib */; };
		132413342795DCCA00603355 /* NetworkManager.swift in Sources */ = {isa = PBXBuildFile; fileRef = 132413332795DCCA00603355 /* NetworkManager.swift */; };
/* End PBXBuildFile section */

/* Begin PBXFileReference section */
		1318B8A92787535200E5AA1A /* GitHubRepositoryApp.app */ = {isa = PBXFileReference; explicitFileType = wrapper.application; includeInIndex = 0; path = GitHubRepositoryApp.app; sourceTree = BUILT_PRODUCTS_DIR; };
		1318B8AC2787535200E5AA1A /* AppDelegate.swift */ = {isa = PBXFileReference; lastKnownFileType = sourcecode.swift; path = AppDelegate.swift; sourceTree = "<group>"; };
		1318B8AE2787535200E5AA1A /* SceneDelegate.swift */ = {isa = PBXFileReference; lastKnownFileType = sourcecode.swift; path = SceneDelegate.swift; sourceTree = "<group>"; };
		1318B8B02787535200E5AA1A /* ViewController.swift */ = {isa = PBXFileReference; lastKnownFileType = sourcecode.swift; path = ViewController.swift; sourceTree = "<group>"; };
		1318B8B32787535200E5AA1A /* Base */ = {isa = PBXFileReference; lastKnownFileType = file.storyboard; name = Base; path = Base.lproj/Main.storyboard; sourceTree = "<group>"; };
		1318B8B52787535500E5AA1A /* Assets.xcassets */ = {isa = PBXFileReference; lastKnownFileType = folder.assetcatalog; path = Assets.xcassets; sourceTree = "<group>"; };
		1318B8B82787535500E5AA1A /* Base */ = {isa = PBXFileReference; lastKnownFileType = file.storyboard; name = Base; path = Base.lproj/LaunchScreen.storyboard; sourceTree = "<group>"; };
		1318B8BA2787535500E5AA1A /* Info.plist */ = {isa = PBXFileReference; lastKnownFileType = text.plist.xml; path = Info.plist; sourceTree = "<group>"; };
		1318B8C8278754BB00E5AA1A /* RepositoryListController.swift */ = {isa = PBXFileReference; lastKnownFileType = sourcecode.swift; path = RepositoryListController.swift; sourceTree = "<group>"; };
		1318B8C9278754BB00E5AA1A /* RepositoryListController.xib */ = {isa = PBXFileReference; lastKnownFileType = file.xib; path = RepositoryListController.xib; sourceTree = "<group>"; };
		1318B8CD278754E500E5AA1A /* RepositoryDetailController.swift */ = {isa = PBXFileReference; lastKnownFileType = sourcecode.swift; path = RepositoryDetailController.swift; sourceTree = "<group>"; };
		1318B8CE278754E500E5AA1A /* RepositoryDetailController.xib */ = {isa = PBXFileReference; lastKnownFileType = file.xib; path = RepositoryDetailController.xib; sourceTree = "<group>"; };
		132413332795DCCA00603355 /* NetworkManager.swift */ = {isa = PBXFileReference; lastKnownFileType = sourcecode.swift; path = NetworkManager.swift; sourceTree = "<group>"; };
/* End PBXFileReference section */

/* Begin PBXFrameworksBuildPhase section */
		1318B8A62787535200E5AA1A /* Frameworks */ = {
			isa = PBXFrameworksBuildPhase;
			buildActionMask = 2147483647;
			files = (
			);
			runOnlyForDeploymentPostprocessing = 0;
		};
/* End PBXFrameworksBuildPhase section */

/* Begin PBXGroup section */
		1318B8A02787535200E5AA1A = {
			isa = PBXGroup;
			children = (
				1318B8AB2787535200E5AA1A /* GitHubRepositoryApp */,
				1318B8AA2787535200E5AA1A /* Products */,
			);
			sourceTree = "<group>";
		};
		1318B8AA2787535200E5AA1A /* Products */ = {
			isa = PBXGroup;
			children = (
				1318B8A92787535200E5AA1A /* GitHubRepositoryApp.app */,
			);
			name = Products;
			sourceTree = "<group>";
		};
		1318B8AB2787535200E5AA1A /* GitHubRepositoryApp */ = {
			isa = PBXGroup;
			children = (
				132413312795DC9E00603355 /* Utilities */,
				1318B8C42787539300E5AA1A /* Resources */,
				1318B8C32787538800E5AA1A /* Application */,
				1318B8C22787537F00E5AA1A /* ViewModel */,
				1318B8C12787537000E5AA1A /* View */,
				1318B8C02787536900E5AA1A /* Model */,
				1318B8B02787535200E5AA1A /* ViewController.swift */,
				1318B8B22787535200E5AA1A /* Main.storyboard */,
				1318B8B72787535500E5AA1A /* LaunchScreen.storyboard */,
			);
			path = GitHubRepositoryApp;
			sourceTree = "<group>";
		};
		1318B8C02787536900E5AA1A /* Model */ = {
			isa = PBXGroup;
			children = (
			);
			path = Model;
			sourceTree = "<group>";
		};
		1318B8C12787537000E5AA1A /* View */ = {
			isa = PBXGroup;
			children = (
				1318B8C5278753B000E5AA1A /* Scenes */,
			);
			path = View;
			sourceTree = "<group>";
		};
		1318B8C22787537F00E5AA1A /* ViewModel */ = {
			isa = PBXGroup;
			children = (
			);
			path = ViewModel;
			sourceTree = "<group>";
		};
		1318B8C32787538800E5AA1A /* Application */ = {
			isa = PBXGroup;
			children = (
				1318B8AE2787535200E5AA1A /* SceneDelegate.swift */,
				1318B8AC2787535200E5AA1A /* AppDelegate.swift */,
			);
			path = Application;
			sourceTree = "<group>";
		};
		1318B8C42787539300E5AA1A /* Resources */ = {
			isa = PBXGroup;
			children = (
				1318B8BA2787535500E5AA1A /* Info.plist */,
				1318B8B52787535500E5AA1A /* Assets.xcassets */,
			);
			path = Resources;
			sourceTree = "<group>";
		};
		1318B8C5278753B000E5AA1A /* Scenes */ = {
			isa = PBXGroup;
			children = (
				1318B8CC278754C600E5AA1A /* RepositoryDetail */,
				1318B8C72787544D00E5AA1A /* RepositoryList */,
			);
			path = Scenes;
			sourceTree = "<group>";
		};
		1318B8C72787544D00E5AA1A /* RepositoryList */ = {
			isa = PBXGroup;
			children = (
				1318B8C8278754BB00E5AA1A /* RepositoryListController.swift */,
				1318B8C9278754BB00E5AA1A /* RepositoryListController.xib */,
			);
			path = RepositoryList;
			sourceTree = "<group>";
		};
		1318B8CC278754C600E5AA1A /* RepositoryDetail */ = {
			isa = PBXGroup;
			children = (
				1318B8CD278754E500E5AA1A /* RepositoryDetailController.swift */,
				1318B8CE278754E500E5AA1A /* RepositoryDetailController.xib */,
			);
			path = RepositoryDetail;
			sourceTree = "<group>";
		};
		132413312795DC9E00603355 /* Utilities */ = {
			isa = PBXGroup;
			children = (
				132413322795DCA800603355 /* NetworkManager */,
			);
			path = Utilities;
			sourceTree = "<group>";
		};
		132413322795DCA800603355 /* NetworkManager */ = {
			isa = PBXGroup;
			children = (
				132413332795DCCA00603355 /* NetworkManager.swift */,
			);
			path = NetworkManager;
			sourceTree = "<group>";
		};
/* End PBXGroup section */

/* Begin PBXNativeTarget section */
		1318B8A82787535200E5AA1A /* GitHubRepositoryApp */ = {
			isa = PBXNativeTarget;
			buildConfigurationList = 1318B8BD2787535500E5AA1A /* Build configuration list for PBXNativeTarget "GitHubRepositoryApp" */;
			buildPhases = (
				1318B8A52787535200E5AA1A /* Sources */,
				1318B8A62787535200E5AA1A /* Frameworks */,
				1318B8A72787535200E5AA1A /* Resources */,
			);
			buildRules = (
			);
			dependencies = (
			);
			name = GitHubRepositoryApp;
			productName = GitHubRepositoryApp;
			productReference = 1318B8A92787535200E5AA1A /* GitHubRepositoryApp.app */;
			productType = "com.apple.product-type.application";
		};
/* End PBXNativeTarget section */

/* Begin PBXProject section */
		1318B8A12787535200E5AA1A /* Project object */ = {
			isa = PBXProject;
			attributes = {
				LastSwiftUpdateCheck = 1250;
				LastUpgradeCheck = 1250;
				TargetAttributes = {
					1318B8A82787535200E5AA1A = {
						CreatedOnToolsVersion = 12.5.1;
					};
				};
			};
			buildConfigurationList = 1318B8A42787535200E5AA1A /* Build configuration list for PBXProject "GitHubRepositoryApp" */;
			compatibilityVersion = "Xcode 9.3";
			developmentRegion = en;
			hasScannedForEncodings = 0;
			knownRegions = (
				en,
				Base,
			);
			mainGroup = 1318B8A02787535200E5AA1A;
			productRefGroup = 1318B8AA2787535200E5AA1A /* Products */;
			projectDirPath = "";
			projectRoot = "";
			targets = (
				1318B8A82787535200E5AA1A /* GitHubRepositoryApp */,
			);
		};
/* End PBXProject section */

/* Begin PBXResourcesBuildPhase section */
		1318B8A72787535200E5AA1A /* Resources */ = {
			isa = PBXResourcesBuildPhase;
			buildActionMask = 2147483647;
			files = (
				1318B8B92787535500E5AA1A /* LaunchScreen.storyboard in Resources */,
				1318B8CB278754BB00E5AA1A /* RepositoryListController.xib in Resources */,
				1318B8B62787535500E5AA1A /* Assets.xcassets in Resources */,
				1318B8B42787535200E5AA1A /* Main.storyboard in Resources */,
				1318B8D0278754E500E5AA1A /* RepositoryDetailController.xib in Resources */,
			);
			runOnlyForDeploymentPostprocessing = 0;
		};
/* End PBXResourcesBuildPhase section */

/* Begin PBXSourcesBuildPhase section */
		1318B8A52787535200E5AA1A /* Sources */ = {
			isa = PBXSourcesBuildPhase;
			buildActionMask = 2147483647;
			files = (
				132413342795DCCA00603355 /* NetworkManager.swift in Sources */,
				1318B8B12787535200E5AA1A /* ViewController.swift in Sources */,
				1318B8CA278754BB00E5AA1A /* RepositoryListController.swift in Sources */,
				1318B8CF278754E500E5AA1A /* RepositoryDetailController.swift in Sources */,
				1318B8AD2787535200E5AA1A /* AppDelegate.swift in Sources */,
				1318B8AF2787535200E5AA1A /* SceneDelegate.swift in Sources */,
			);
			runOnlyForDeploymentPostprocessing = 0;
		};
/* End PBXSourcesBuildPhase section */

/* Begin PBXVariantGroup section */
		1318B8B22787535200E5AA1A /* Main.storyboard */ = {
			isa = PBXVariantGroup;
			children = (
				1318B8B32787535200E5AA1A /* Base */,
			);
			name = Main.storyboard;
			sourceTree = "<group>";
		};
		1318B8B72787535500E5AA1A /* LaunchScreen.storyboard */ = {
			isa = PBXVariantGroup;
			children = (
				1318B8B82787535500E5AA1A /* Base */,
			);
			name = LaunchScreen.storyboard;
			sourceTree = "<group>";
		};
/* End PBXVariantGroup section */

/* Begin XCBuildConfiguration section */
		1318B8BB2787535500E5AA1A /* Debug */ = {
			isa = XCBuildConfiguration;
			buildSettings = {
				ALWAYS_SEARCH_USER_PATHS = NO;
				CLANG_ANALYZER_NONNULL = YES;
				CLANG_ANALYZER_NUMBER_OBJECT_CONVERSION = YES_AGGRESSIVE;
				CLANG_CXX_LANGUAGE_STANDARD = "gnu++14";
				CLANG_CXX_LIBRARY = "libc++";
				CLANG_ENABLE_MODULES = YES;
				CLANG_ENABLE_OBJC_ARC = YES;
				CLANG_ENABLE_OBJC_WEAK = YES;
				CLANG_WARN_BLOCK_CAPTURE_AUTORELEASING = YES;
				CLANG_WARN_BOOL_CONVERSION = YES;
				CLANG_WARN_COMMA = YES;
				CLANG_WARN_CONSTANT_CONVERSION = YES;
				CLANG_WARN_DEPRECATED_OBJC_IMPLEMENTATIONS = YES;
				CLANG_WARN_DIRECT_OBJC_ISA_USAGE = YES_ERROR;
				CLANG_WARN_DOCUMENTATION_COMMENTS = YES;
				CLANG_WARN_EMPTY_BODY = YES;
				CLANG_WARN_ENUM_CONVERSION = YES;
				CLANG_WARN_INFINITE_RECURSION = YES;
				CLANG_WARN_INT_CONVERSION = YES;
				CLANG_WARN_NON_LITERAL_NULL_CONVERSION = YES;
				CLANG_WARN_OBJC_IMPLICIT_RETAIN_SELF = YES;
				CLANG_WARN_OBJC_LITERAL_CONVERSION = YES;
				CLANG_WARN_OBJC_ROOT_CLASS = YES_ERROR;
				CLANG_WARN_QUOTED_INCLUDE_IN_FRAMEWORK_HEADER = YES;
				CLANG_WARN_RANGE_LOOP_ANALYSIS = YES;
				CLANG_WARN_STRICT_PROTOTYPES = YES;
				CLANG_WARN_SUSPICIOUS_MOVE = YES;
				CLANG_WARN_UNGUARDED_AVAILABILITY = YES_AGGRESSIVE;
				CLANG_WARN_UNREACHABLE_CODE = YES;
				CLANG_WARN__DUPLICATE_METHOD_MATCH = YES;
				COPY_PHASE_STRIP = NO;
				DEBUG_INFORMATION_FORMAT = dwarf;
				ENABLE_STRICT_OBJC_MSGSEND = YES;
				ENABLE_TESTABILITY = YES;
				GCC_C_LANGUAGE_STANDARD = gnu11;
				GCC_DYNAMIC_NO_PIC = NO;
				GCC_NO_COMMON_BLOCKS = YES;
				GCC_OPTIMIZATION_LEVEL = 0;
				GCC_PREPROCESSOR_DEFINITIONS = (
					"DEBUG=1",
					"$(inherited)",
				);
				GCC_WARN_64_TO_32_BIT_CONVERSION = YES;
				GCC_WARN_ABOUT_RETURN_TYPE = YES_ERROR;
				GCC_WARN_UNDECLARED_SELECTOR = YES;
				GCC_WARN_UNINITIALIZED_AUTOS = YES_AGGRESSIVE;
				GCC_WARN_UNUSED_FUNCTION = YES;
				GCC_WARN_UNUSED_VARIABLE = YES;
				IPHONEOS_DEPLOYMENT_TARGET = 14.5;
				MTL_ENABLE_DEBUG_INFO = INCLUDE_SOURCE;
				MTL_FAST_MATH = YES;
				ONLY_ACTIVE_ARCH = YES;
				SDKROOT = iphoneos;
				SWIFT_ACTIVE_COMPILATION_CONDITIONS = DEBUG;
				SWIFT_OPTIMIZATION_LEVEL = "-Onone";
			};
			name = Debug;
		};
		1318B8BC2787535500E5AA1A /* Release */ = {
			isa = XCBuildConfiguration;
			buildSettings = {
				ALWAYS_SEARCH_USER_PATHS = NO;
				CLANG_ANALYZER_NONNULL = YES;
				CLANG_ANALYZER_NUMBER_OBJECT_CONVERSION = YES_AGGRESSIVE;
				CLANG_CXX_LANGUAGE_STANDARD = "gnu++14";
				CLANG_CXX_LIBRARY = "libc++";
				CLANG_ENABLE_MODULES = YES;
				CLANG_ENABLE_OBJC_ARC = YES;
				CLANG_ENABLE_OBJC_WEAK = YES;
				CLANG_WARN_BLOCK_CAPTURE_AUTORELEASING = YES;
				CLANG_WARN_BOOL_CONVERSION = YES;
				CLANG_WARN_COMMA = YES;
				CLANG_WARN_CONSTANT_CONVERSION = YES;
				CLANG_WARN_DEPRECATED_OBJC_IMPLEMENTATIONS = YES;
				CLANG_WARN_DIRECT_OBJC_ISA_USAGE = YES_ERROR;
				CLANG_WARN_DOCUMENTATION_COMMENTS = YES;
				CLANG_WARN_EMPTY_BODY = YES;
				CLANG_WARN_ENUM_CONVERSION = YES;
				CLANG_WARN_INFINITE_RECURSION = YES;
				CLANG_WARN_INT_CONVERSION = YES;
				CLANG_WARN_NON_LITERAL_NULL_CONVERSION = YES;
				CLANG_WARN_OBJC_IMPLICIT_RETAIN_SELF = YES;
				CLANG_WARN_OBJC_LITERAL_CONVERSION = YES;
				CLANG_WARN_OBJC_ROOT_CLASS = YES_ERROR;
				CLANG_WARN_QUOTED_INCLUDE_IN_FRAMEWORK_HEADER = YES;
				CLANG_WARN_RANGE_LOOP_ANALYSIS = YES;
				CLANG_WARN_STRICT_PROTOTYPES = YES;
				CLANG_WARN_SUSPICIOUS_MOVE = YES;
				CLANG_WARN_UNGUARDED_AVAILABILITY = YES_AGGRESSIVE;
				CLANG_WARN_UNREACHABLE_CODE = YES;
				CLANG_WARN__DUPLICATE_METHOD_MATCH = YES;
				COPY_PHASE_STRIP = NO;
				DEBUG_INFORMATION_FORMAT = "dwarf-with-dsym";
				ENABLE_NS_ASSERTIONS = NO;
				ENABLE_STRICT_OBJC_MSGSEND = YES;
				GCC_C_LANGUAGE_STANDARD = gnu11;
				GCC_NO_COMMON_BLOCKS = YES;
				GCC_WARN_64_TO_32_BIT_CONVERSION = YES;
				GCC_WARN_ABOUT_RETURN_TYPE = YES_ERROR;
				GCC_WARN_UNDECLARED_SELECTOR = YES;
				GCC_WARN_UNINITIALIZED_AUTOS = YES_AGGRESSIVE;
				GCC_WARN_UNUSED_FUNCTION = YES;
				GCC_WARN_UNUSED_VARIABLE = YES;
				IPHONEOS_DEPLOYMENT_TARGET = 14.5;
				MTL_ENABLE_DEBUG_INFO = NO;
				MTL_FAST_MATH = YES;
				SDKROOT = iphoneos;
				SWIFT_COMPILATION_MODE = wholemodule;
				SWIFT_OPTIMIZATION_LEVEL = "-O";
				VALIDATE_PRODUCT = YES;
			};
			name = Release;
		};
		1318B8BE2787535500E5AA1A /* Debug */ = {
			isa = XCBuildConfiguration;
			buildSettings = {
				ASSETCATALOG_COMPILER_APPICON_NAME = AppIcon;
				ASSETCATALOG_COMPILER_GLOBAL_ACCENT_COLOR_NAME = AccentColor;
				CODE_SIGN_STYLE = Automatic;
				INFOPLIST_FILE = "$(SRCROOT)/GitHubRepositoryApp/Resources/Info.plist";
				LD_RUNPATH_SEARCH_PATHS = (
					"$(inherited)",
					"@executable_path/Frameworks",
				);
				PRODUCT_BUNDLE_IDENTIFIER = com.Rajes.GitHubRepositoryApp;
				PRODUCT_NAME = "$(TARGET_NAME)";
				SWIFT_VERSION = 5.0;
				TARGETED_DEVICE_FAMILY = 1;
			};
			name = Debug;
		};
		1318B8BF2787535500E5AA1A /* Release */ = {
			isa = XCBuildConfiguration;
			buildSettings = {
				ASSETCATALOG_COMPILER_APPICON_NAME = AppIcon;
				ASSETCATALOG_COMPILER_GLOBAL_ACCENT_COLOR_NAME = AccentColor;
				CODE_SIGN_STYLE = Automatic;
				INFOPLIST_FILE = "$(SRCROOT)/GitHubRepositoryApp/Resources/Info.plist";
				LD_RUNPATH_SEARCH_PATHS = (
					"$(inherited)",
					"@executable_path/Frameworks",
				);
				PRODUCT_BUNDLE_IDENTIFIER = com.Rajes.GitHubRepositoryApp;
				PRODUCT_NAME = "$(TARGET_NAME)";
				SWIFT_VERSION = 5.0;
				TARGETED_DEVICE_FAMILY = 1;
			};
			name = Release;
		};
/* End XCBuildConfiguration section */

/* Begin XCConfigurationList section */
		1318B8A42787535200E5AA1A /* Build configuration list for PBXProject "GitHubRepositoryApp" */ = {
			isa = XCConfigurationList;
			buildConfigurations = (
				1318B8BB2787535500E5AA1A /* Debug */,
				1318B8BC2787535500E5AA1A /* Release */,
			);
			defaultConfigurationIsVisible = 0;
			defaultConfigurationName = Release;
		};
		1318B8BD2787535500E5AA1A /* Build configuration list for PBXNativeTarget "GitHubRepositoryApp" */ = {
			isa = XCConfigurationList;
			buildConfigurations = (
				1318B8BE2787535500E5AA1A /* Debug */,
				1318B8BF2787535500E5AA1A /* Release */,
			);
			defaultConfigurationIsVisible = 0;
			defaultConfigurationName = Release;
		};
/* End XCConfigurationList section */
	};
	rootObject = 1318B8A12787535200E5AA1A /* Project object */;
}
